
Microsoft Visual Studio Solution File, Format Version 12.00
# Visual Studio Version 17
VisualStudioVersion = 17.9.34714.143
MinimumVisualStudioVersion = 10.0.40219.1
Project("{FAE04EC0-301F-11D3-BF4B-00C04F79EFBC}") = "CC Lab terminal Question 6", "CC Lab terminal Question 6.csproj", "{0D53043D-5A03-47ED-9EE8-7F2384B34F80}"
EndProject
Global
	GlobalSection(SolutionConfigurationPlatforms) = preSolution
		Debug|Any CPU = Debug|Any CPU
		Release|Any CPU = Release|Any CPU
	EndGlobalSection
	GlobalSection(ProjectConfigurationPlatforms) = postSolution
		{0D53043D-5A03-47ED-9EE8-7F2384B34F80}.Debug|Any CPU.ActiveCfg = Debug|Any CPU
		{0D53043D-5A03-47ED-9EE8-7F2384B34F80}.Debug|Any CPU.Build.0 = Debug|Any CPU
		{0D53043D-5A03-47ED-9EE8-7F2384B34F80}.Release|Any CPU.ActiveCfg = Release|Any CPU
		{0D53043D-5A03-47ED-9EE8-7F2384B34F80}.Release|Any CPU.Build.0 = Release|Any CPU
	EndGlobalSection
	GlobalSection(SolutionProperties) = preSolution
		HideSolutionNode = FALSE
	EndGlobalSection
	GlobalSection(ExtensibilityGlobals) = postSolution
		SolutionGuid = {544BA822-61D8-455D-9E2C-8631580654E5}
	EndGlobalSection
EndGlobal
